
Microsoft Visual Studio Solution File, Format Version 12.00
# Visual Studio Version 17
VisualStudioVersion = 17.5.33414.496
MinimumVisualStudioVersion = 10.0.40219.1
Project("{8BC9CEB8-8B4A-11D0-8D11-00A0C91BC942}") = "easd1_1_117_c", "easd1_1_117_c\easd1_1_117_c.vcxproj", "{9414C995-4CCB-415A-B578-2D362DD0AD7A}"
EndProject
Global
	GlobalSection(SolutionConfigurationPlatforms) = preSolution
		Debug|x64 = Debug|x64
		Debug|x86 = Debug|x86
		Release|x64 = Release|x64
		Release|x86 = Release|x86
	EndGlobalSection
	GlobalSection(ProjectConfigurationPlatforms) = postSolution
		{9414C995-4CCB-415A-B578-2D362DD0AD7A}.Debug|x64.ActiveCfg = Debug|x64
		{9414C995-4CCB-415A-B578-2D362DD0AD7A}.Debug|x64.Build.0 = Debug|x64
		{9414C995-4CCB-415A-B578-2D362DD0AD7A}.Debug|x86.ActiveCfg = Debug|Win32
		{9414C995-4CCB-415A-B578-2D362DD0AD7A}.Debug|x86.Build.0 = Debug|Win32
		{9414C995-4CCB-415A-B578-2D362DD0AD7A}.Release|x64.ActiveCfg = Release|x64
		{9414C995-4CCB-415A-B578-2D362DD0AD7A}.Release|x64.Build.0 = Release|x64
		{9414C995-4CCB-415A-B578-2D362DD0AD7A}.Release|x86.ActiveCfg = Release|Win32
		{9414C995-4CCB-415A-B578-2D362DD0AD7A}.Release|x86.Build.0 = Release|Win32
	EndGlobalSection
	GlobalSection(SolutionProperties) = preSolution
		HideSolutionNode = FALSE
	EndGlobalSection
	GlobalSection(ExtensibilityGlobals) = postSolution
		SolutionGuid = {3F8FEEE3-FB70-4B30-BB2A-8D6C488178CB}
	EndGlobalSection
EndGlobal
